
Microsoft Visual Studio Solution File, Format Version 12.00
# Visual Studio Version 17
VisualStudioVersion = 17.9.34622.214
MinimumVisualStudioVersion = 10.0.40219.1
Project("{888888A0-9F3D-457C-B088-3A5042F75D52}") = "PythonFutureValue", "PythonFutureValue\PythonFutureValue.pyproj", "{BF7161FB-246A-40B6-AD30-484EABDC1389}"
EndProject
Global
	GlobalSection(SolutionConfigurationPlatforms) = preSolution
		Debug|Any CPU = Debug|Any CPU
		Release|Any CPU = Release|Any CPU
	EndGlobalSection
	GlobalSection(ProjectConfigurationPlatforms) = postSolution
		{BF7161FB-246A-40B6-AD30-484EABDC1389}.Debug|Any CPU.ActiveCfg = Debug|Any CPU
		{BF7161FB-246A-40B6-AD30-484EABDC1389}.Release|Any CPU.ActiveCfg = Release|Any CPU
	EndGlobalSection
	GlobalSection(SolutionProperties) = preSolution
		HideSolutionNode = FALSE
	EndGlobalSection
	GlobalSection(ExtensibilityGlobals) = postSolution
		SolutionGuid = {26FFC9AE-97FF-4004-8690-81E7226A4FA9}
	EndGlobalSection
EndGlobal
